
Microsoft Visual Studio Solution File, Format Version 12.00
Project("{FAE04EC0-301F-11D3-BF4B-00C04F79EFBC}") = "EventCalendar", "EventCalendar\EventCalendar.csproj", "{FDE28005-8AF7-48BE-BA8B-C238EBCAEC6C}"
EndProject
Global
	GlobalSection(SolutionConfigurationPlatforms) = preSolution
		Debug|Any CPU = Debug|Any CPU
		Release|Any CPU = Release|Any CPU
	EndGlobalSection
	GlobalSection(ProjectConfigurationPlatforms) = postSolution
		{FDE28005-8AF7-48BE-BA8B-C238EBCAEC6C}.Debug|Any CPU.ActiveCfg = Debug|Any CPU
		{FDE28005-8AF7-48BE-BA8B-C238EBCAEC6C}.Debug|Any CPU.Build.0 = Debug|Any CPU
		{FDE28005-8AF7-48BE-BA8B-C238EBCAEC6C}.Release|Any CPU.ActiveCfg = Release|Any CPU
		{FDE28005-8AF7-48BE-BA8B-C238EBCAEC6C}.Release|Any CPU.Build.0 = Release|Any CPU
	EndGlobalSection
EndGlobal
